
Microsoft Visual Studio Solution File, Format Version 12.00
# Visual Studio Version 17
VisualStudioVersion = 17.6.33417.168
MinimumVisualStudioVersion = 10.0.40219.1
Project("{9A19103F-16F7-4668-BE54-9A1E7A4F7556}") = "NEL.MESH", "NEL.MESH\NEL.MESH.csproj", "{1A553B8B-F4E1-4ABA-98EE-8213EED4EA03}"
EndProject
Project("{9A19103F-16F7-4668-BE54-9A1E7A4F7556}") = "NEL.MESH.Tests.Unit", "NEL.MESH.Tests.Unit\NEL.MESH.Tests.Unit.csproj", "{5BF68B80-AF49-4763-9675-B25F8F84ABAA}"
EndProject
Project("{9A19103F-16F7-4668-BE54-9A1E7A4F7556}") = "NEL.MESH.Tests.Integration", "NEL.MESH.Tests.Integration\NEL.MESH.Tests.Integration.csproj", "{14D8EACC-55A6-43F5-A37E-FBC37A7E8D29}"
EndProject
Project("{FAE04EC0-301F-11D3-BF4B-00C04F79EFBC}") = "NEL.MESH.Tests.Acceptance", "NEL.MESH.Tests.Acceptance\NEL.MESH.Tests.Acceptance.csproj", "{05088542-12A3-42E9-9DE0-5747CD914D95}"
EndProject
Global
	GlobalSection(SolutionConfigurationPlatforms) = preSolution
		Acceptance|Any CPU = Acceptance|Any CPU
		Debug|Any CPU = Debug|Any CPU
		Release|Any CPU = Release|Any CPU
		Test|Any CPU = Test|Any CPU
	EndGlobalSection
	GlobalSection(ProjectConfigurationPlatforms) = postSolution
		{1A553B8B-F4E1-4ABA-98EE-8213EED4EA03}.Acceptance|Any CPU.ActiveCfg = Release|Any CPU
		{1A553B8B-F4E1-4ABA-98EE-8213EED4EA03}.Acceptance|Any CPU.Build.0 = Release|Any CPU
		{1A553B8B-F4E1-4ABA-98EE-8213EED4EA03}.Debug|Any CPU.ActiveCfg = Debug|Any CPU
		{1A553B8B-F4E1-4ABA-98EE-8213EED4EA03}.Debug|Any CPU.Build.0 = Debug|Any CPU
		{1A553B8B-F4E1-4ABA-98EE-8213EED4EA03}.Release|Any CPU.ActiveCfg = Release|Any CPU
		{1A553B8B-F4E1-4ABA-98EE-8213EED4EA03}.Release|Any CPU.Build.0 = Release|Any CPU
		{1A553B8B-F4E1-4ABA-98EE-8213EED4EA03}.Test|Any CPU.ActiveCfg = Release|Any CPU
		{1A553B8B-F4E1-4ABA-98EE-8213EED4EA03}.Test|Any CPU.Build.0 = Release|Any CPU
		{5BF68B80-AF49-4763-9675-B25F8F84ABAA}.Acceptance|Any CPU.ActiveCfg = Acceptance|Any CPU
		{5BF68B80-AF49-4763-9675-B25F8F84ABAA}.Acceptance|Any CPU.Build.0 = Acceptance|Any CPU
		{5BF68B80-AF49-4763-9675-B25F8F84ABAA}.Debug|Any CPU.ActiveCfg = Debug|Any CPU
		{5BF68B80-AF49-4763-9675-B25F8F84ABAA}.Debug|Any CPU.Build.0 = Debug|Any CPU
		{5BF68B80-AF49-4763-9675-B25F8F84ABAA}.Release|Any CPU.ActiveCfg = Release|Any CPU
		{5BF68B80-AF49-4763-9675-B25F8F84ABAA}.Release|Any CPU.Build.0 = Release|Any CPU
		{5BF68B80-AF49-4763-9675-B25F8F84ABAA}.Test|Any CPU.ActiveCfg = Test|Any CPU
		{5BF68B80-AF49-4763-9675-B25F8F84ABAA}.Test|Any CPU.Build.0 = Test|Any CPU
		{14D8EACC-55A6-43F5-A37E-FBC37A7E8D29}.Acceptance|Any CPU.ActiveCfg = Debug|Any CPU
		{14D8EACC-55A6-43F5-A37E-FBC37A7E8D29}.Acceptance|Any CPU.Build.0 = Debug|Any CPU
		{14D8EACC-55A6-43F5-A37E-FBC37A7E8D29}.Debug|Any CPU.ActiveCfg = Debug|Any CPU
		{14D8EACC-55A6-43F5-A37E-FBC37A7E8D29}.Debug|Any CPU.Build.0 = Debug|Any CPU
		{14D8EACC-55A6-43F5-A37E-FBC37A7E8D29}.Release|Any CPU.ActiveCfg = Release|Any CPU
		{14D8EACC-55A6-43F5-A37E-FBC37A7E8D29}.Release|Any CPU.Build.0 = Release|Any CPU
		{14D8EACC-55A6-43F5-A37E-FBC37A7E8D29}.Test|Any CPU.ActiveCfg = Debug|Any CPU
		{14D8EACC-55A6-43F5-A37E-FBC37A7E8D29}.Test|Any CPU.Build.0 = Debug|Any CPU
		{05088542-12A3-42E9-9DE0-5747CD914D95}.Acceptance|Any CPU.ActiveCfg = Debug|Any CPU
		{05088542-12A3-42E9-9DE0-5747CD914D95}.Acceptance|Any CPU.Build.0 = Debug|Any CPU
		{05088542-12A3-42E9-9DE0-5747CD914D95}.Debug|Any CPU.ActiveCfg = Debug|Any CPU
		{05088542-12A3-42E9-9DE0-5747CD914D95}.Debug|Any CPU.Build.0 = Debug|Any CPU
		{05088542-12A3-42E9-9DE0-5747CD914D95}.Release|Any CPU.ActiveCfg = Release|Any CPU
		{05088542-12A3-42E9-9DE0-5747CD914D95}.Release|Any CPU.Build.0 = Release|Any CPU
		{05088542-12A3-42E9-9DE0-5747CD914D95}.Test|Any CPU.ActiveCfg = Debug|Any CPU
		{05088542-12A3-42E9-9DE0-5747CD914D95}.Test|Any CPU.Build.0 = Debug|Any CPU
	EndGlobalSection
	GlobalSection(SolutionProperties) = preSolution
		HideSolutionNode = FALSE
	EndGlobalSection
	GlobalSection(ExtensibilityGlobals) = postSolution
		SolutionGuid = {1AB273FC-A950-44AF-8EFA-D0BAEF142441}
	EndGlobalSection
EndGlobal
